<?xml version="1.0" encoding="UTF-8" standalone="yes" ?>
<CodeBlocks_project_file>
   <FileVersion major="1" minor="6" />
   <Project>
      <Option title="Compo" />
      <Option makefile_is_custom="1" />
      <Option compiler="gcc" />
      <Option virtualFolders="CMake Files\;CMake Files\compiler\;CMake Files\compiler\parser\;CMake Files\compiler\parser\tanuki\;" />
      <Build>
      <Target title="all">
         <Option working_dir="/home/fred/Bureau/CompoC/Compo/build-src-Desktop-Default" />
         <Option type="4" />
         <MakeCommands>
            <Build command="/usr/bin/make -f &quot;/home/fred/Bureau/CompoC/Compo/build-src-Desktop-Default/Makefile&quot;  VERBOSE=1 all" />
            <CompileFile command="/usr/bin/make -f &quot;/home/fred/Bureau/CompoC/Compo/build-src-Desktop-Default/Makefile&quot;  VERBOSE=1 &quot;$file&quot;" />
            <Clean command="/usr/bin/make -f &quot;/home/fred/Bureau/CompoC/Compo/build-src-Desktop-Default/Makefile&quot;  VERBOSE=1 clean" />
            <DistClean command="/usr/bin/make -f &quot;/home/fred/Bureau/CompoC/Compo/build-src-Desktop-Default/Makefile&quot;  VERBOSE=1 clean" />
         </MakeCommands>
      </Target>
      <Target title="CompoVM">
         <Option output="/home/fred/Bureau/CompoC/Compo/build-src-Desktop-Default/libCompoVM.a" prefix_auto="0" extension_auto="0" />
         <Option working_dir="/home/fred/Bureau/CompoC/Compo/build-src-Desktop-Default" />
         <Option object_output="./" />
         <Option type="2" />
         <Option compiler="gcc" />
         <Compiler>
            <Add directory="/home/fred/Bureau/CompoC/Compo/src/compiler/parser/tanuki" />
            <Add directory="/home/fred/Bureau/CompoC/Compo/src/compiler/parser/tanuki/tanuki/vendor/utf8-cpp" />
            <Add directory="/usr/include" />
            <Add directory="/usr/include/c++/4.8" />
            <Add directory="/usr/include/c++/4.8/backward" />
            <Add directory="/usr/include/x86_64-linux-gnu" />
            <Add directory="/usr/include/x86_64-linux-gnu/c++/4.8" />
            <Add directory="/usr/lib/gcc/x86_64-linux-gnu/4.8/include" />
            <Add directory="/usr/lib/gcc/x86_64-linux-gnu/4.8/include-fixed" />
            <Add directory="/usr/local/include" />
         </Compiler>
         <MakeCommands>
            <Build command="/usr/bin/make -f &quot;/home/fred/Bureau/CompoC/Compo/build-src-Desktop-Default/Makefile&quot;  VERBOSE=1 CompoVM" />
            <CompileFile command="/usr/bin/make -f &quot;/home/fred/Bureau/CompoC/Compo/build-src-Desktop-Default/Makefile&quot;  VERBOSE=1 &quot;$file&quot;" />
            <Clean command="/usr/bin/make -f &quot;/home/fred/Bureau/CompoC/Compo/build-src-Desktop-Default/Makefile&quot;  VERBOSE=1 clean" />
            <DistClean command="/usr/bin/make -f &quot;/home/fred/Bureau/CompoC/Compo/build-src-Desktop-Default/Makefile&quot;  VERBOSE=1 clean" />
         </MakeCommands>
      </Target>
      <Target title="CompoVM/fast">
         <Option output="/home/fred/Bureau/CompoC/Compo/build-src-Desktop-Default/libCompoVM.a" prefix_auto="0" extension_auto="0" />
         <Option working_dir="/home/fred/Bureau/CompoC/Compo/build-src-Desktop-Default" />
         <Option object_output="./" />
         <Option type="2" />
         <Option compiler="gcc" />
         <Compiler>
            <Add directory="/home/fred/Bureau/CompoC/Compo/src/compiler/parser/tanuki" />
            <Add directory="/home/fred/Bureau/CompoC/Compo/src/compiler/parser/tanuki/tanuki/vendor/utf8-cpp" />
            <Add directory="/usr/include" />
            <Add directory="/usr/include/c++/4.8" />
            <Add directory="/usr/include/c++/4.8/backward" />
            <Add directory="/usr/include/x86_64-linux-gnu" />
            <Add directory="/usr/include/x86_64-linux-gnu/c++/4.8" />
            <Add directory="/usr/lib/gcc/x86_64-linux-gnu/4.8/include" />
            <Add directory="/usr/lib/gcc/x86_64-linux-gnu/4.8/include-fixed" />
            <Add directory="/usr/local/include" />
         </Compiler>
         <MakeCommands>
            <Build command="/usr/bin/make -f &quot;/home/fred/Bureau/CompoC/Compo/build-src-Desktop-Default/Makefile&quot;  VERBOSE=1 CompoVM/fast" />
            <CompileFile command="/usr/bin/make -f &quot;/home/fred/Bureau/CompoC/Compo/build-src-Desktop-Default/Makefile&quot;  VERBOSE=1 &quot;$file&quot;" />
            <Clean command="/usr/bin/make -f &quot;/home/fred/Bureau/CompoC/Compo/build-src-Desktop-Default/Makefile&quot;  VERBOSE=1 clean" />
            <DistClean command="/usr/bin/make -f &quot;/home/fred/Bureau/CompoC/Compo/build-src-Desktop-Default/Makefile&quot;  VERBOSE=1 clean" />
         </MakeCommands>
      </Target>
      <Target title="CompoMetamodel">
         <Option output="/home/fred/Bureau/CompoC/Compo/build-src-Desktop-Default/libCompoMetamodel.a" prefix_auto="0" extension_auto="0" />
         <Option working_dir="/home/fred/Bureau/CompoC/Compo/build-src-Desktop-Default" />
         <Option object_output="./" />
         <Option type="2" />
         <Option compiler="gcc" />
         <Compiler>
            <Add directory="/home/fred/Bureau/CompoC/Compo/src/compiler/parser/tanuki" />
            <Add directory="/home/fred/Bureau/CompoC/Compo/src/compiler/parser/tanuki/tanuki/vendor/utf8-cpp" />
            <Add directory="/usr/include" />
            <Add directory="/usr/include/c++/4.8" />
            <Add directory="/usr/include/c++/4.8/backward" />
            <Add directory="/usr/include/x86_64-linux-gnu" />
            <Add directory="/usr/include/x86_64-linux-gnu/c++/4.8" />
            <Add directory="/usr/lib/gcc/x86_64-linux-gnu/4.8/include" />
            <Add directory="/usr/lib/gcc/x86_64-linux-gnu/4.8/include-fixed" />
            <Add directory="/usr/local/include" />
         </Compiler>
         <MakeCommands>
            <Build command="/usr/bin/make -f &quot;/home/fred/Bureau/CompoC/Compo/build-src-Desktop-Default/Makefile&quot;  VERBOSE=1 CompoMetamodel" />
            <CompileFile command="/usr/bin/make -f &quot;/home/fred/Bureau/CompoC/Compo/build-src-Desktop-Default/Makefile&quot;  VERBOSE=1 &quot;$file&quot;" />
            <Clean command="/usr/bin/make -f &quot;/home/fred/Bureau/CompoC/Compo/build-src-Desktop-Default/Makefile&quot;  VERBOSE=1 clean" />
            <DistClean command="/usr/bin/make -f &quot;/home/fred/Bureau/CompoC/Compo/build-src-Desktop-Default/Makefile&quot;  VERBOSE=1 clean" />
         </MakeCommands>
      </Target>
      <Target title="CompoMetamodel/fast">
         <Option output="/home/fred/Bureau/CompoC/Compo/build-src-Desktop-Default/libCompoMetamodel.a" prefix_auto="0" extension_auto="0" />
         <Option working_dir="/home/fred/Bureau/CompoC/Compo/build-src-Desktop-Default" />
         <Option object_output="./" />
         <Option type="2" />
         <Option compiler="gcc" />
         <Compiler>
            <Add directory="/home/fred/Bureau/CompoC/Compo/src/compiler/parser/tanuki" />
            <Add directory="/home/fred/Bureau/CompoC/Compo/src/compiler/parser/tanuki/tanuki/vendor/utf8-cpp" />
            <Add directory="/usr/include" />
            <Add directory="/usr/include/c++/4.8" />
            <Add directory="/usr/include/c++/4.8/backward" />
            <Add directory="/usr/include/x86_64-linux-gnu" />
            <Add directory="/usr/include/x86_64-linux-gnu/c++/4.8" />
            <Add directory="/usr/lib/gcc/x86_64-linux-gnu/4.8/include" />
            <Add directory="/usr/lib/gcc/x86_64-linux-gnu/4.8/include-fixed" />
            <Add directory="/usr/local/include" />
         </Compiler>
         <MakeCommands>
            <Build command="/usr/bin/make -f &quot;/home/fred/Bureau/CompoC/Compo/build-src-Desktop-Default/Makefile&quot;  VERBOSE=1 CompoMetamodel/fast" />
            <CompileFile command="/usr/bin/make -f &quot;/home/fred/Bureau/CompoC/Compo/build-src-Desktop-Default/Makefile&quot;  VERBOSE=1 &quot;$file&quot;" />
            <Clean command="/usr/bin/make -f &quot;/home/fred/Bureau/CompoC/Compo/build-src-Desktop-Default/Makefile&quot;  VERBOSE=1 clean" />
            <DistClean command="/usr/bin/make -f &quot;/home/fred/Bureau/CompoC/Compo/build-src-Desktop-Default/Makefile&quot;  VERBOSE=1 clean" />
         </MakeCommands>
      </Target>
      <Target title="CompoCompiler">
         <Option output="/home/fred/Bureau/CompoC/Compo/build-src-Desktop-Default/libCompoCompiler.a" prefix_auto="0" extension_auto="0" />
         <Option working_dir="/home/fred/Bureau/CompoC/Compo/build-src-Desktop-Default" />
         <Option object_output="./" />
         <Option type="2" />
         <Option compiler="gcc" />
         <Compiler>
            <Add directory="/home/fred/Bureau/CompoC/Compo/src/compiler/parser/tanuki" />
            <Add directory="/home/fred/Bureau/CompoC/Compo/src/compiler/parser/tanuki/tanuki/vendor/utf8-cpp" />
            <Add directory="/usr/include" />
            <Add directory="/usr/include/c++/4.8" />
            <Add directory="/usr/include/c++/4.8/backward" />
            <Add directory="/usr/include/x86_64-linux-gnu" />
            <Add directory="/usr/include/x86_64-linux-gnu/c++/4.8" />
            <Add directory="/usr/lib/gcc/x86_64-linux-gnu/4.8/include" />
            <Add directory="/usr/lib/gcc/x86_64-linux-gnu/4.8/include-fixed" />
            <Add directory="/usr/local/include" />
         </Compiler>
         <MakeCommands>
            <Build command="/usr/bin/make -f &quot;/home/fred/Bureau/CompoC/Compo/build-src-Desktop-Default/Makefile&quot;  VERBOSE=1 CompoCompiler" />
            <CompileFile command="/usr/bin/make -f &quot;/home/fred/Bureau/CompoC/Compo/build-src-Desktop-Default/Makefile&quot;  VERBOSE=1 &quot;$file&quot;" />
            <Clean command="/usr/bin/make -f &quot;/home/fred/Bureau/CompoC/Compo/build-src-Desktop-Default/Makefile&quot;  VERBOSE=1 clean" />
            <DistClean command="/usr/bin/make -f &quot;/home/fred/Bureau/CompoC/Compo/build-src-Desktop-Default/Makefile&quot;  VERBOSE=1 clean" />
         </MakeCommands>
      </Target>
      <Target title="CompoCompiler/fast">
         <Option output="/home/fred/Bureau/CompoC/Compo/build-src-Desktop-Default/libCompoCompiler.a" prefix_auto="0" extension_auto="0" />
         <Option working_dir="/home/fred/Bureau/CompoC/Compo/build-src-Desktop-Default" />
         <Option object_output="./" />
         <Option type="2" />
         <Option compiler="gcc" />
         <Compiler>
            <Add directory="/home/fred/Bureau/CompoC/Compo/src/compiler/parser/tanuki" />
            <Add directory="/home/fred/Bureau/CompoC/Compo/src/compiler/parser/tanuki/tanuki/vendor/utf8-cpp" />
            <Add directory="/usr/include" />
            <Add directory="/usr/include/c++/4.8" />
            <Add directory="/usr/include/c++/4.8/backward" />
            <Add directory="/usr/include/x86_64-linux-gnu" />
            <Add directory="/usr/include/x86_64-linux-gnu/c++/4.8" />
            <Add directory="/usr/lib/gcc/x86_64-linux-gnu/4.8/include" />
            <Add directory="/usr/lib/gcc/x86_64-linux-gnu/4.8/include-fixed" />
            <Add directory="/usr/local/include" />
         </Compiler>
         <MakeCommands>
            <Build command="/usr/bin/make -f &quot;/home/fred/Bureau/CompoC/Compo/build-src-Desktop-Default/Makefile&quot;  VERBOSE=1 CompoCompiler/fast" />
            <CompileFile command="/usr/bin/make -f &quot;/home/fred/Bureau/CompoC/Compo/build-src-Desktop-Default/Makefile&quot;  VERBOSE=1 &quot;$file&quot;" />
            <Clean command="/usr/bin/make -f &quot;/home/fred/Bureau/CompoC/Compo/build-src-Desktop-Default/Makefile&quot;  VERBOSE=1 clean" />
            <DistClean command="/usr/bin/make -f &quot;/home/fred/Bureau/CompoC/Compo/build-src-Desktop-Default/Makefile&quot;  VERBOSE=1 clean" />
         </MakeCommands>
      </Target>
      <Target title="edit_cache">
         <Option working_dir="/home/fred/Bureau/CompoC/Compo/build-src-Desktop-Default" />
         <Option type="4" />
         <MakeCommands>
            <Build command="/usr/bin/make -f &quot;/home/fred/Bureau/CompoC/Compo/build-src-Desktop-Default/Makefile&quot;  VERBOSE=1 edit_cache" />
            <CompileFile command="/usr/bin/make -f &quot;/home/fred/Bureau/CompoC/Compo/build-src-Desktop-Default/Makefile&quot;  VERBOSE=1 &quot;$file&quot;" />
            <Clean command="/usr/bin/make -f &quot;/home/fred/Bureau/CompoC/Compo/build-src-Desktop-Default/Makefile&quot;  VERBOSE=1 clean" />
            <DistClean command="/usr/bin/make -f &quot;/home/fred/Bureau/CompoC/Compo/build-src-Desktop-Default/Makefile&quot;  VERBOSE=1 clean" />
         </MakeCommands>
      </Target>
      <Target title="rebuild_cache">
         <Option working_dir="/home/fred/Bureau/CompoC/Compo/build-src-Desktop-Default" />
         <Option type="4" />
         <MakeCommands>
            <Build command="/usr/bin/make -f &quot;/home/fred/Bureau/CompoC/Compo/build-src-Desktop-Default/Makefile&quot;  VERBOSE=1 rebuild_cache" />
            <CompileFile command="/usr/bin/make -f &quot;/home/fred/Bureau/CompoC/Compo/build-src-Desktop-Default/Makefile&quot;  VERBOSE=1 &quot;$file&quot;" />
            <Clean command="/usr/bin/make -f &quot;/home/fred/Bureau/CompoC/Compo/build-src-Desktop-Default/Makefile&quot;  VERBOSE=1 clean" />
            <DistClean command="/usr/bin/make -f &quot;/home/fred/Bureau/CompoC/Compo/build-src-Desktop-Default/Makefile&quot;  VERBOSE=1 clean" />
         </MakeCommands>
      </Target>
      <Target title="CompoInterpreter">
         <Option output="/home/fred/Bureau/CompoC/Compo/build-src-Desktop-Default/libCompoInterpreter.a" prefix_auto="0" extension_auto="0" />
         <Option working_dir="/home/fred/Bureau/CompoC/Compo/build-src-Desktop-Default" />
         <Option object_output="./" />
         <Option type="2" />
         <Option compiler="gcc" />
         <Compiler>
            <Add directory="/home/fred/Bureau/CompoC/Compo/src/compiler/parser/tanuki" />
            <Add directory="/home/fred/Bureau/CompoC/Compo/src/compiler/parser/tanuki/tanuki/vendor/utf8-cpp" />
            <Add directory="/usr/include" />
            <Add directory="/usr/include/c++/4.8" />
            <Add directory="/usr/include/c++/4.8/backward" />
            <Add directory="/usr/include/x86_64-linux-gnu" />
            <Add directory="/usr/include/x86_64-linux-gnu/c++/4.8" />
            <Add directory="/usr/lib/gcc/x86_64-linux-gnu/4.8/include" />
            <Add directory="/usr/lib/gcc/x86_64-linux-gnu/4.8/include-fixed" />
            <Add directory="/usr/local/include" />
         </Compiler>
         <MakeCommands>
            <Build command="/usr/bin/make -f &quot;/home/fred/Bureau/CompoC/Compo/build-src-Desktop-Default/Makefile&quot;  VERBOSE=1 CompoInterpreter" />
            <CompileFile command="/usr/bin/make -f &quot;/home/fred/Bureau/CompoC/Compo/build-src-Desktop-Default/Makefile&quot;  VERBOSE=1 &quot;$file&quot;" />
            <Clean command="/usr/bin/make -f &quot;/home/fred/Bureau/CompoC/Compo/build-src-Desktop-Default/Makefile&quot;  VERBOSE=1 clean" />
            <DistClean command="/usr/bin/make -f &quot;/home/fred/Bureau/CompoC/Compo/build-src-Desktop-Default/Makefile&quot;  VERBOSE=1 clean" />
         </MakeCommands>
      </Target>
      <Target title="CompoInterpreter/fast">
         <Option output="/home/fred/Bureau/CompoC/Compo/build-src-Desktop-Default/libCompoInterpreter.a" prefix_auto="0" extension_auto="0" />
         <Option working_dir="/home/fred/Bureau/CompoC/Compo/build-src-Desktop-Default" />
         <Option object_output="./" />
         <Option type="2" />
         <Option compiler="gcc" />
         <Compiler>
            <Add directory="/home/fred/Bureau/CompoC/Compo/src/compiler/parser/tanuki" />
            <Add directory="/home/fred/Bureau/CompoC/Compo/src/compiler/parser/tanuki/tanuki/vendor/utf8-cpp" />
            <Add directory="/usr/include" />
            <Add directory="/usr/include/c++/4.8" />
            <Add directory="/usr/include/c++/4.8/backward" />
            <Add directory="/usr/include/x86_64-linux-gnu" />
            <Add directory="/usr/include/x86_64-linux-gnu/c++/4.8" />
            <Add directory="/usr/lib/gcc/x86_64-linux-gnu/4.8/include" />
            <Add directory="/usr/lib/gcc/x86_64-linux-gnu/4.8/include-fixed" />
            <Add directory="/usr/local/include" />
         </Compiler>
         <MakeCommands>
            <Build command="/usr/bin/make -f &quot;/home/fred/Bureau/CompoC/Compo/build-src-Desktop-Default/Makefile&quot;  VERBOSE=1 CompoInterpreter/fast" />
            <CompileFile command="/usr/bin/make -f &quot;/home/fred/Bureau/CompoC/Compo/build-src-Desktop-Default/Makefile&quot;  VERBOSE=1 &quot;$file&quot;" />
            <Clean command="/usr/bin/make -f &quot;/home/fred/Bureau/CompoC/Compo/build-src-Desktop-Default/Makefile&quot;  VERBOSE=1 clean" />
            <DistClean command="/usr/bin/make -f &quot;/home/fred/Bureau/CompoC/Compo/build-src-Desktop-Default/Makefile&quot;  VERBOSE=1 clean" />
         </MakeCommands>
      </Target>
      <Target title="CompoEnvironment">
         <Option output="/home/fred/Bureau/CompoC/Compo/build-src-Desktop-Default/libCompoEnvironment.a" prefix_auto="0" extension_auto="0" />
         <Option working_dir="/home/fred/Bureau/CompoC/Compo/build-src-Desktop-Default" />
         <Option object_output="./" />
         <Option type="2" />
         <Option compiler="gcc" />
         <Compiler>
            <Add directory="/home/fred/Bureau/CompoC/Compo/src/compiler/parser/tanuki" />
            <Add directory="/home/fred/Bureau/CompoC/Compo/src/compiler/parser/tanuki/tanuki/vendor/utf8-cpp" />
            <Add directory="/usr/include" />
            <Add directory="/usr/include/c++/4.8" />
            <Add directory="/usr/include/c++/4.8/backward" />
            <Add directory="/usr/include/x86_64-linux-gnu" />
            <Add directory="/usr/include/x86_64-linux-gnu/c++/4.8" />
            <Add directory="/usr/lib/gcc/x86_64-linux-gnu/4.8/include" />
            <Add directory="/usr/lib/gcc/x86_64-linux-gnu/4.8/include-fixed" />
            <Add directory="/usr/local/include" />
         </Compiler>
         <MakeCommands>
            <Build command="/usr/bin/make -f &quot;/home/fred/Bureau/CompoC/Compo/build-src-Desktop-Default/Makefile&quot;  VERBOSE=1 CompoEnvironment" />
            <CompileFile command="/usr/bin/make -f &quot;/home/fred/Bureau/CompoC/Compo/build-src-Desktop-Default/Makefile&quot;  VERBOSE=1 &quot;$file&quot;" />
            <Clean command="/usr/bin/make -f &quot;/home/fred/Bureau/CompoC/Compo/build-src-Desktop-Default/Makefile&quot;  VERBOSE=1 clean" />
            <DistClean command="/usr/bin/make -f &quot;/home/fred/Bureau/CompoC/Compo/build-src-Desktop-Default/Makefile&quot;  VERBOSE=1 clean" />
         </MakeCommands>
      </Target>
      <Target title="CompoEnvironment/fast">
         <Option output="/home/fred/Bureau/CompoC/Compo/build-src-Desktop-Default/libCompoEnvironment.a" prefix_auto="0" extension_auto="0" />
         <Option working_dir="/home/fred/Bureau/CompoC/Compo/build-src-Desktop-Default" />
         <Option object_output="./" />
         <Option type="2" />
         <Option compiler="gcc" />
         <Compiler>
            <Add directory="/home/fred/Bureau/CompoC/Compo/src/compiler/parser/tanuki" />
            <Add directory="/home/fred/Bureau/CompoC/Compo/src/compiler/parser/tanuki/tanuki/vendor/utf8-cpp" />
            <Add directory="/usr/include" />
            <Add directory="/usr/include/c++/4.8" />
            <Add directory="/usr/include/c++/4.8/backward" />
            <Add directory="/usr/include/x86_64-linux-gnu" />
            <Add directory="/usr/include/x86_64-linux-gnu/c++/4.8" />
            <Add directory="/usr/lib/gcc/x86_64-linux-gnu/4.8/include" />
            <Add directory="/usr/lib/gcc/x86_64-linux-gnu/4.8/include-fixed" />
            <Add directory="/usr/local/include" />
         </Compiler>
         <MakeCommands>
            <Build command="/usr/bin/make -f &quot;/home/fred/Bureau/CompoC/Compo/build-src-Desktop-Default/Makefile&quot;  VERBOSE=1 CompoEnvironment/fast" />
            <CompileFile command="/usr/bin/make -f &quot;/home/fred/Bureau/CompoC/Compo/build-src-Desktop-Default/Makefile&quot;  VERBOSE=1 &quot;$file&quot;" />
            <Clean command="/usr/bin/make -f &quot;/home/fred/Bureau/CompoC/Compo/build-src-Desktop-Default/Makefile&quot;  VERBOSE=1 clean" />
            <DistClean command="/usr/bin/make -f &quot;/home/fred/Bureau/CompoC/Compo/build-src-Desktop-Default/Makefile&quot;  VERBOSE=1 clean" />
         </MakeCommands>
      </Target>
      <Target title="CompoENV">
         <Option output="/home/fred/Bureau/CompoC/Compo/build-src-Desktop-Default/CompoENV" prefix_auto="0" extension_auto="0" />
         <Option working_dir="/home/fred/Bureau/CompoC/Compo/build-src-Desktop-Default" />
         <Option object_output="./" />
         <Option type="1" />
         <Option compiler="gcc" />
         <Compiler>
            <Add directory="/home/fred/Bureau/CompoC/Compo/src/compiler/parser/tanuki" />
            <Add directory="/home/fred/Bureau/CompoC/Compo/src/compiler/parser/tanuki/tanuki/vendor/utf8-cpp" />
            <Add directory="/usr/include" />
            <Add directory="/usr/include/c++/4.8" />
            <Add directory="/usr/include/c++/4.8/backward" />
            <Add directory="/usr/include/x86_64-linux-gnu" />
            <Add directory="/usr/include/x86_64-linux-gnu/c++/4.8" />
            <Add directory="/usr/lib/gcc/x86_64-linux-gnu/4.8/include" />
            <Add directory="/usr/lib/gcc/x86_64-linux-gnu/4.8/include-fixed" />
            <Add directory="/usr/local/include" />
         </Compiler>
         <MakeCommands>
            <Build command="/usr/bin/make -f &quot;/home/fred/Bureau/CompoC/Compo/build-src-Desktop-Default/Makefile&quot;  VERBOSE=1 CompoENV" />
            <CompileFile command="/usr/bin/make -f &quot;/home/fred/Bureau/CompoC/Compo/build-src-Desktop-Default/Makefile&quot;  VERBOSE=1 &quot;$file&quot;" />
            <Clean command="/usr/bin/make -f &quot;/home/fred/Bureau/CompoC/Compo/build-src-Desktop-Default/Makefile&quot;  VERBOSE=1 clean" />
            <DistClean command="/usr/bin/make -f &quot;/home/fred/Bureau/CompoC/Compo/build-src-Desktop-Default/Makefile&quot;  VERBOSE=1 clean" />
         </MakeCommands>
      </Target>
      <Target title="CompoENV/fast">
         <Option output="/home/fred/Bureau/CompoC/Compo/build-src-Desktop-Default/CompoENV" prefix_auto="0" extension_auto="0" />
         <Option working_dir="/home/fred/Bureau/CompoC/Compo/build-src-Desktop-Default" />
         <Option object_output="./" />
         <Option type="1" />
         <Option compiler="gcc" />
         <Compiler>
            <Add directory="/home/fred/Bureau/CompoC/Compo/src/compiler/parser/tanuki" />
            <Add directory="/home/fred/Bureau/CompoC/Compo/src/compiler/parser/tanuki/tanuki/vendor/utf8-cpp" />
            <Add directory="/usr/include" />
            <Add directory="/usr/include/c++/4.8" />
            <Add directory="/usr/include/c++/4.8/backward" />
            <Add directory="/usr/include/x86_64-linux-gnu" />
            <Add directory="/usr/include/x86_64-linux-gnu/c++/4.8" />
            <Add directory="/usr/lib/gcc/x86_64-linux-gnu/4.8/include" />
            <Add directory="/usr/lib/gcc/x86_64-linux-gnu/4.8/include-fixed" />
            <Add directory="/usr/local/include" />
         </Compiler>
         <MakeCommands>
            <Build command="/usr/bin/make -f &quot;/home/fred/Bureau/CompoC/Compo/build-src-Desktop-Default/Makefile&quot;  VERBOSE=1 CompoENV/fast" />
            <CompileFile command="/usr/bin/make -f &quot;/home/fred/Bureau/CompoC/Compo/build-src-Desktop-Default/Makefile&quot;  VERBOSE=1 &quot;$file&quot;" />
            <Clean command="/usr/bin/make -f &quot;/home/fred/Bureau/CompoC/Compo/build-src-Desktop-Default/Makefile&quot;  VERBOSE=1 clean" />
            <DistClean command="/usr/bin/make -f &quot;/home/fred/Bureau/CompoC/Compo/build-src-Desktop-Default/Makefile&quot;  VERBOSE=1 clean" />
         </MakeCommands>
      </Target>
      <Target title="Compo">
         <Option output="/home/fred/Bureau/CompoC/Compo/build-src-Desktop-Default/Compo" prefix_auto="0" extension_auto="0" />
         <Option working_dir="/home/fred/Bureau/CompoC/Compo/build-src-Desktop-Default" />
         <Option object_output="./" />
         <Option type="1" />
         <Option compiler="gcc" />
         <Compiler>
            <Add directory="/home/fred/Bureau/CompoC/Compo/src/compiler/parser/tanuki" />
            <Add directory="/home/fred/Bureau/CompoC/Compo/src/compiler/parser/tanuki/tanuki/vendor/utf8-cpp" />
            <Add directory="/usr/include" />
            <Add directory="/usr/include/c++/4.8" />
            <Add directory="/usr/include/c++/4.8/backward" />
            <Add directory="/usr/include/x86_64-linux-gnu" />
            <Add directory="/usr/include/x86_64-linux-gnu/c++/4.8" />
            <Add directory="/usr/lib/gcc/x86_64-linux-gnu/4.8/include" />
            <Add directory="/usr/lib/gcc/x86_64-linux-gnu/4.8/include-fixed" />
            <Add directory="/usr/local/include" />
         </Compiler>
         <MakeCommands>
            <Build command="/usr/bin/make -f &quot;/home/fred/Bureau/CompoC/Compo/build-src-Desktop-Default/Makefile&quot;  VERBOSE=1 Compo" />
            <CompileFile command="/usr/bin/make -f &quot;/home/fred/Bureau/CompoC/Compo/build-src-Desktop-Default/Makefile&quot;  VERBOSE=1 &quot;$file&quot;" />
            <Clean command="/usr/bin/make -f &quot;/home/fred/Bureau/CompoC/Compo/build-src-Desktop-Default/Makefile&quot;  VERBOSE=1 clean" />
            <DistClean command="/usr/bin/make -f &quot;/home/fred/Bureau/CompoC/Compo/build-src-Desktop-Default/Makefile&quot;  VERBOSE=1 clean" />
         </MakeCommands>
      </Target>
      <Target title="Compo/fast">
         <Option output="/home/fred/Bureau/CompoC/Compo/build-src-Desktop-Default/Compo" prefix_auto="0" extension_auto="0" />
         <Option working_dir="/home/fred/Bureau/CompoC/Compo/build-src-Desktop-Default" />
         <Option object_output="./" />
         <Option type="1" />
         <Option compiler="gcc" />
         <Compiler>
            <Add directory="/home/fred/Bureau/CompoC/Compo/src/compiler/parser/tanuki" />
            <Add directory="/home/fred/Bureau/CompoC/Compo/src/compiler/parser/tanuki/tanuki/vendor/utf8-cpp" />
            <Add directory="/usr/include" />
            <Add directory="/usr/include/c++/4.8" />
            <Add directory="/usr/include/c++/4.8/backward" />
            <Add directory="/usr/include/x86_64-linux-gnu" />
            <Add directory="/usr/include/x86_64-linux-gnu/c++/4.8" />
            <Add directory="/usr/lib/gcc/x86_64-linux-gnu/4.8/include" />
            <Add directory="/usr/lib/gcc/x86_64-linux-gnu/4.8/include-fixed" />
            <Add directory="/usr/local/include" />
         </Compiler>
         <MakeCommands>
            <Build command="/usr/bin/make -f &quot;/home/fred/Bureau/CompoC/Compo/build-src-Desktop-Default/Makefile&quot;  VERBOSE=1 Compo/fast" />
            <CompileFile command="/usr/bin/make -f &quot;/home/fred/Bureau/CompoC/Compo/build-src-Desktop-Default/Makefile&quot;  VERBOSE=1 &quot;$file&quot;" />
            <Clean command="/usr/bin/make -f &quot;/home/fred/Bureau/CompoC/Compo/build-src-Desktop-Default/Makefile&quot;  VERBOSE=1 clean" />
            <DistClean command="/usr/bin/make -f &quot;/home/fred/Bureau/CompoC/Compo/build-src-Desktop-Default/Makefile&quot;  VERBOSE=1 clean" />
         </MakeCommands>
      </Target>
      <Target title="CompoIDE">
         <Option output="/home/fred/Bureau/CompoC/Compo/build-src-Desktop-Default/CompoIDE" prefix_auto="0" extension_auto="0" />
         <Option working_dir="/home/fred/Bureau/CompoC/Compo/build-src-Desktop-Default" />
         <Option object_output="./" />
         <Option type="1" />
         <Option compiler="gcc" />
         <Compiler>
            <Add directory="/home/fred/Bureau/CompoC/Compo/src/compiler/parser/tanuki" />
            <Add directory="/home/fred/Bureau/CompoC/Compo/src/compiler/parser/tanuki/tanuki/vendor/utf8-cpp" />
            <Add directory="/usr/include" />
            <Add directory="/usr/include/c++/4.8" />
            <Add directory="/usr/include/c++/4.8/backward" />
            <Add directory="/usr/include/x86_64-linux-gnu" />
            <Add directory="/usr/include/x86_64-linux-gnu/c++/4.8" />
            <Add directory="/usr/lib/gcc/x86_64-linux-gnu/4.8/include" />
            <Add directory="/usr/lib/gcc/x86_64-linux-gnu/4.8/include-fixed" />
            <Add directory="/usr/local/include" />
         </Compiler>
         <MakeCommands>
            <Build command="/usr/bin/make -f &quot;/home/fred/Bureau/CompoC/Compo/build-src-Desktop-Default/Makefile&quot;  VERBOSE=1 CompoIDE" />
            <CompileFile command="/usr/bin/make -f &quot;/home/fred/Bureau/CompoC/Compo/build-src-Desktop-Default/Makefile&quot;  VERBOSE=1 &quot;$file&quot;" />
            <Clean command="/usr/bin/make -f &quot;/home/fred/Bureau/CompoC/Compo/build-src-Desktop-Default/Makefile&quot;  VERBOSE=1 clean" />
            <DistClean command="/usr/bin/make -f &quot;/home/fred/Bureau/CompoC/Compo/build-src-Desktop-Default/Makefile&quot;  VERBOSE=1 clean" />
         </MakeCommands>
      </Target>
      <Target title="CompoIDE/fast">
         <Option output="/home/fred/Bureau/CompoC/Compo/build-src-Desktop-Default/CompoIDE" prefix_auto="0" extension_auto="0" />
         <Option working_dir="/home/fred/Bureau/CompoC/Compo/build-src-Desktop-Default" />
         <Option object_output="./" />
         <Option type="1" />
         <Option compiler="gcc" />
         <Compiler>
            <Add directory="/home/fred/Bureau/CompoC/Compo/src/compiler/parser/tanuki" />
            <Add directory="/home/fred/Bureau/CompoC/Compo/src/compiler/parser/tanuki/tanuki/vendor/utf8-cpp" />
            <Add directory="/usr/include" />
            <Add directory="/usr/include/c++/4.8" />
            <Add directory="/usr/include/c++/4.8/backward" />
            <Add directory="/usr/include/x86_64-linux-gnu" />
            <Add directory="/usr/include/x86_64-linux-gnu/c++/4.8" />
            <Add directory="/usr/lib/gcc/x86_64-linux-gnu/4.8/include" />
            <Add directory="/usr/lib/gcc/x86_64-linux-gnu/4.8/include-fixed" />
            <Add directory="/usr/local/include" />
         </Compiler>
         <MakeCommands>
            <Build command="/usr/bin/make -f &quot;/home/fred/Bureau/CompoC/Compo/build-src-Desktop-Default/Makefile&quot;  VERBOSE=1 CompoIDE/fast" />
            <CompileFile command="/usr/bin/make -f &quot;/home/fred/Bureau/CompoC/Compo/build-src-Desktop-Default/Makefile&quot;  VERBOSE=1 &quot;$file&quot;" />
            <Clean command="/usr/bin/make -f &quot;/home/fred/Bureau/CompoC/Compo/build-src-Desktop-Default/Makefile&quot;  VERBOSE=1 clean" />
            <DistClean command="/usr/bin/make -f &quot;/home/fred/Bureau/CompoC/Compo/build-src-Desktop-Default/Makefile&quot;  VERBOSE=1 clean" />
         </MakeCommands>
      </Target>
      <Target title="CompoC">
         <Option output="/home/fred/Bureau/CompoC/Compo/build-src-Desktop-Default/CompoC" prefix_auto="0" extension_auto="0" />
         <Option working_dir="/home/fred/Bureau/CompoC/Compo/build-src-Desktop-Default" />
         <Option object_output="./" />
         <Option type="1" />
         <Option compiler="gcc" />
         <Compiler>
            <Add directory="/home/fred/Bureau/CompoC/Compo/src/compiler/parser/tanuki" />
            <Add directory="/home/fred/Bureau/CompoC/Compo/src/compiler/parser/tanuki/tanuki/vendor/utf8-cpp" />
            <Add directory="/usr/include" />
            <Add directory="/usr/include/c++/4.8" />
            <Add directory="/usr/include/c++/4.8/backward" />
            <Add directory="/usr/include/x86_64-linux-gnu" />
            <Add directory="/usr/include/x86_64-linux-gnu/c++/4.8" />
            <Add directory="/usr/lib/gcc/x86_64-linux-gnu/4.8/include" />
            <Add directory="/usr/lib/gcc/x86_64-linux-gnu/4.8/include-fixed" />
            <Add directory="/usr/local/include" />
         </Compiler>
         <MakeCommands>
            <Build command="/usr/bin/make -f &quot;/home/fred/Bureau/CompoC/Compo/build-src-Desktop-Default/Makefile&quot;  VERBOSE=1 CompoC" />
            <CompileFile command="/usr/bin/make -f &quot;/home/fred/Bureau/CompoC/Compo/build-src-Desktop-Default/Makefile&quot;  VERBOSE=1 &quot;$file&quot;" />
            <Clean command="/usr/bin/make -f &quot;/home/fred/Bureau/CompoC/Compo/build-src-Desktop-Default/Makefile&quot;  VERBOSE=1 clean" />
            <DistClean command="/usr/bin/make -f &quot;/home/fred/Bureau/CompoC/Compo/build-src-Desktop-Default/Makefile&quot;  VERBOSE=1 clean" />
         </MakeCommands>
      </Target>
      <Target title="CompoC/fast">
         <Option output="/home/fred/Bureau/CompoC/Compo/build-src-Desktop-Default/CompoC" prefix_auto="0" extension_auto="0" />
         <Option working_dir="/home/fred/Bureau/CompoC/Compo/build-src-Desktop-Default" />
         <Option object_output="./" />
         <Option type="1" />
         <Option compiler="gcc" />
         <Compiler>
            <Add directory="/home/fred/Bureau/CompoC/Compo/src/compiler/parser/tanuki" />
            <Add directory="/home/fred/Bureau/CompoC/Compo/src/compiler/parser/tanuki/tanuki/vendor/utf8-cpp" />
            <Add directory="/usr/include" />
            <Add directory="/usr/include/c++/4.8" />
            <Add directory="/usr/include/c++/4.8/backward" />
            <Add directory="/usr/include/x86_64-linux-gnu" />
            <Add directory="/usr/include/x86_64-linux-gnu/c++/4.8" />
            <Add directory="/usr/lib/gcc/x86_64-linux-gnu/4.8/include" />
            <Add directory="/usr/lib/gcc/x86_64-linux-gnu/4.8/include-fixed" />
            <Add directory="/usr/local/include" />
         </Compiler>
         <MakeCommands>
            <Build command="/usr/bin/make -f &quot;/home/fred/Bureau/CompoC/Compo/build-src-Desktop-Default/Makefile&quot;  VERBOSE=1 CompoC/fast" />
            <CompileFile command="/usr/bin/make -f &quot;/home/fred/Bureau/CompoC/Compo/build-src-Desktop-Default/Makefile&quot;  VERBOSE=1 &quot;$file&quot;" />
            <Clean command="/usr/bin/make -f &quot;/home/fred/Bureau/CompoC/Compo/build-src-Desktop-Default/Makefile&quot;  VERBOSE=1 clean" />
            <DistClean command="/usr/bin/make -f &quot;/home/fred/Bureau/CompoC/Compo/build-src-Desktop-Default/Makefile&quot;  VERBOSE=1 clean" />
         </MakeCommands>
      </Target>
      <Target title="tanuki">
         <Option output="/home/fred/Bureau/CompoC/Compo/build-src-Desktop-Default/compiler/parser/tanuki/libtanuki.so" prefix_auto="0" extension_auto="0" />
         <Option working_dir="/home/fred/Bureau/CompoC/Compo/build-src-Desktop-Default/compiler/parser/tanuki" />
         <Option object_output="./" />
         <Option type="3" />
         <Option compiler="gcc" />
         <Compiler>
            <Add directory="/home/fred/Bureau/CompoC/Compo/build-src-Desktop-Default/compiler/parser/tanuki" />
            <Add directory="/home/fred/Bureau/CompoC/Compo/src/compiler/parser/tanuki" />
            <Add directory="/home/fred/Bureau/CompoC/Compo/src/compiler/parser/tanuki/tanuki/vendor/utf8-cpp" />
            <Add directory="/usr/include" />
            <Add directory="/usr/include/c++/4.8" />
            <Add directory="/usr/include/c++/4.8/backward" />
            <Add directory="/usr/include/x86_64-linux-gnu" />
            <Add directory="/usr/include/x86_64-linux-gnu/c++/4.8" />
            <Add directory="/usr/lib/gcc/x86_64-linux-gnu/4.8/include" />
            <Add directory="/usr/lib/gcc/x86_64-linux-gnu/4.8/include-fixed" />
            <Add directory="/usr/local/include" />
         </Compiler>
         <MakeCommands>
            <Build command="/usr/bin/make -f &quot;/home/fred/Bureau/CompoC/Compo/build-src-Desktop-Default/compiler/parser/tanuki/Makefile&quot;  VERBOSE=1 tanuki" />
            <CompileFile command="/usr/bin/make -f &quot;/home/fred/Bureau/CompoC/Compo/build-src-Desktop-Default/compiler/parser/tanuki/Makefile&quot;  VERBOSE=1 &quot;$file&quot;" />
            <Clean command="/usr/bin/make -f &quot;/home/fred/Bureau/CompoC/Compo/build-src-Desktop-Default/compiler/parser/tanuki/Makefile&quot;  VERBOSE=1 clean" />
            <DistClean command="/usr/bin/make -f &quot;/home/fred/Bureau/CompoC/Compo/build-src-Desktop-Default/compiler/parser/tanuki/Makefile&quot;  VERBOSE=1 clean" />
         </MakeCommands>
      </Target>
      <Target title="tanuki/fast">
         <Option output="/home/fred/Bureau/CompoC/Compo/build-src-Desktop-Default/compiler/parser/tanuki/libtanuki.so" prefix_auto="0" extension_auto="0" />
         <Option working_dir="/home/fred/Bureau/CompoC/Compo/build-src-Desktop-Default/compiler/parser/tanuki" />
         <Option object_output="./" />
         <Option type="3" />
         <Option compiler="gcc" />
         <Compiler>
            <Add directory="/home/fred/Bureau/CompoC/Compo/build-src-Desktop-Default/compiler/parser/tanuki" />
            <Add directory="/home/fred/Bureau/CompoC/Compo/src/compiler/parser/tanuki" />
            <Add directory="/home/fred/Bureau/CompoC/Compo/src/compiler/parser/tanuki/tanuki/vendor/utf8-cpp" />
            <Add directory="/usr/include" />
            <Add directory="/usr/include/c++/4.8" />
            <Add directory="/usr/include/c++/4.8/backward" />
            <Add directory="/usr/include/x86_64-linux-gnu" />
            <Add directory="/usr/include/x86_64-linux-gnu/c++/4.8" />
            <Add directory="/usr/lib/gcc/x86_64-linux-gnu/4.8/include" />
            <Add directory="/usr/lib/gcc/x86_64-linux-gnu/4.8/include-fixed" />
            <Add directory="/usr/local/include" />
         </Compiler>
         <MakeCommands>
            <Build command="/usr/bin/make -f &quot;/home/fred/Bureau/CompoC/Compo/build-src-Desktop-Default/compiler/parser/tanuki/Makefile&quot;  VERBOSE=1 tanuki/fast" />
            <CompileFile command="/usr/bin/make -f &quot;/home/fred/Bureau/CompoC/Compo/build-src-Desktop-Default/compiler/parser/tanuki/Makefile&quot;  VERBOSE=1 &quot;$file&quot;" />
            <Clean command="/usr/bin/make -f &quot;/home/fred/Bureau/CompoC/Compo/build-src-Desktop-Default/compiler/parser/tanuki/Makefile&quot;  VERBOSE=1 clean" />
            <DistClean command="/usr/bin/make -f &quot;/home/fred/Bureau/CompoC/Compo/build-src-Desktop-Default/compiler/parser/tanuki/Makefile&quot;  VERBOSE=1 clean" />
         </MakeCommands>
      </Target>
      <Target title="TanukiTests">
         <Option output="/home/fred/Bureau/CompoC/Compo/build-src-Desktop-Default/compiler/parser/tanuki/TanukiTests" prefix_auto="0" extension_auto="0" />
         <Option working_dir="/home/fred/Bureau/CompoC/Compo/build-src-Desktop-Default/compiler/parser/tanuki" />
         <Option object_output="./" />
         <Option type="1" />
         <Option compiler="gcc" />
         <Compiler>
            <Add directory="/home/fred/Bureau/CompoC/Compo/build-src-Desktop-Default/compiler/parser/tanuki" />
            <Add directory="/home/fred/Bureau/CompoC/Compo/src/compiler/parser/tanuki" />
            <Add directory="/home/fred/Bureau/CompoC/Compo/src/compiler/parser/tanuki/tanuki/vendor/utf8-cpp" />
            <Add directory="/usr/include" />
            <Add directory="/usr/include/c++/4.8" />
            <Add directory="/usr/include/c++/4.8/backward" />
            <Add directory="/usr/include/x86_64-linux-gnu" />
            <Add directory="/usr/include/x86_64-linux-gnu/c++/4.8" />
            <Add directory="/usr/lib/gcc/x86_64-linux-gnu/4.8/include" />
            <Add directory="/usr/lib/gcc/x86_64-linux-gnu/4.8/include-fixed" />
            <Add directory="/usr/local/include" />
         </Compiler>
         <MakeCommands>
            <Build command="/usr/bin/make -f &quot;/home/fred/Bureau/CompoC/Compo/build-src-Desktop-Default/compiler/parser/tanuki/Makefile&quot;  VERBOSE=1 TanukiTests" />
            <CompileFile command="/usr/bin/make -f &quot;/home/fred/Bureau/CompoC/Compo/build-src-Desktop-Default/compiler/parser/tanuki/Makefile&quot;  VERBOSE=1 &quot;$file&quot;" />
            <Clean command="/usr/bin/make -f &quot;/home/fred/Bureau/CompoC/Compo/build-src-Desktop-Default/compiler/parser/tanuki/Makefile&quot;  VERBOSE=1 clean" />
            <DistClean command="/usr/bin/make -f &quot;/home/fred/Bureau/CompoC/Compo/build-src-Desktop-Default/compiler/parser/tanuki/Makefile&quot;  VERBOSE=1 clean" />
         </MakeCommands>
      </Target>
      <Target title="TanukiTests/fast">
         <Option output="/home/fred/Bureau/CompoC/Compo/build-src-Desktop-Default/compiler/parser/tanuki/TanukiTests" prefix_auto="0" extension_auto="0" />
         <Option working_dir="/home/fred/Bureau/CompoC/Compo/build-src-Desktop-Default/compiler/parser/tanuki" />
         <Option object_output="./" />
         <Option type="1" />
         <Option compiler="gcc" />
         <Compiler>
            <Add directory="/home/fred/Bureau/CompoC/Compo/build-src-Desktop-Default/compiler/parser/tanuki" />
            <Add directory="/home/fred/Bureau/CompoC/Compo/src/compiler/parser/tanuki" />
            <Add directory="/home/fred/Bureau/CompoC/Compo/src/compiler/parser/tanuki/tanuki/vendor/utf8-cpp" />
            <Add directory="/usr/include" />
            <Add directory="/usr/include/c++/4.8" />
            <Add directory="/usr/include/c++/4.8/backward" />
            <Add directory="/usr/include/x86_64-linux-gnu" />
            <Add directory="/usr/include/x86_64-linux-gnu/c++/4.8" />
            <Add directory="/usr/lib/gcc/x86_64-linux-gnu/4.8/include" />
            <Add directory="/usr/lib/gcc/x86_64-linux-gnu/4.8/include-fixed" />
            <Add directory="/usr/local/include" />
         </Compiler>
         <MakeCommands>
            <Build command="/usr/bin/make -f &quot;/home/fred/Bureau/CompoC/Compo/build-src-Desktop-Default/compiler/parser/tanuki/Makefile&quot;  VERBOSE=1 TanukiTests/fast" />
            <CompileFile command="/usr/bin/make -f &quot;/home/fred/Bureau/CompoC/Compo/build-src-Desktop-Default/compiler/parser/tanuki/Makefile&quot;  VERBOSE=1 &quot;$file&quot;" />
            <Clean command="/usr/bin/make -f &quot;/home/fred/Bureau/CompoC/Compo/build-src-Desktop-Default/compiler/parser/tanuki/Makefile&quot;  VERBOSE=1 clean" />
            <DistClean command="/usr/bin/make -f &quot;/home/fred/Bureau/CompoC/Compo/build-src-Desktop-Default/compiler/parser/tanuki/Makefile&quot;  VERBOSE=1 clean" />
         </MakeCommands>
      </Target>
      </Build>
      <Unit filename="/home/fred/Bureau/CompoC/Compo/src/compiler/parser/ast.cpp">
      </Unit>
      <Unit filename="/home/fred/Bureau/CompoC/Compo/src/compiler/parser/parse.cpp">
      </Unit>
      <Unit filename="/home/fred/Bureau/CompoC/Compo/src/compiler/parser/tanuki/tanuki/misc/ref.cpp">
      </Unit>
      <Unit filename="/home/fred/Bureau/CompoC/Compo/src/compiler/parser/tanuki/tanuki/misc/string.cpp">
      </Unit>
      <Unit filename="/home/fred/Bureau/CompoC/Compo/src/compiler/parser/tanuki/tanuki/parser/special.cpp">
      </Unit>
      <Unit filename="/home/fred/Bureau/CompoC/Compo/src/compiler/parser/tanuki/tanuki/parser/tokens.cpp">
      </Unit>
      <Unit filename="/home/fred/Bureau/CompoC/Compo/src/compiler/parser/tanuki/testing/main.cpp">
      </Unit>
      <Unit filename="/home/fred/Bureau/CompoC/Compo/src/compiler/parser/tokens.cpp">
      </Unit>
      <Unit filename="/home/fred/Bureau/CompoC/Compo/src/compilermain.cpp">
      </Unit>
      <Unit filename="/home/fred/Bureau/CompoC/Compo/src/envmain.cpp">
      </Unit>
      <Unit filename="/home/fred/Bureau/CompoC/Compo/src/execution/env/env.cpp">
      </Unit>
      <Unit filename="/home/fred/Bureau/CompoC/Compo/src/execution/vm/machine.cpp">
      </Unit>
      <Unit filename="/home/fred/Bureau/CompoC/Compo/src/idemain.cpp">
      </Unit>
      <Unit filename="/home/fred/Bureau/CompoC/Compo/src/main.cpp">
      </Unit>
      <Unit filename="/home/fred/Bureau/CompoC/Compo/src/metamodel/component.cpp">
      </Unit>
      <Unit filename="/home/fred/Bureau/CompoC/Compo/src/metamodel/descriptor.cpp">
      </Unit>
      <Unit filename="/home/fred/Bureau/CompoC/Compo/src/metamodel/protoport.cpp">
      </Unit>
      <Unit filename="/home/fred/Bureau/CompoC/Compo/src/metamodel/protoprovidedport.cpp">
      </Unit>
      <Unit filename="/home/fred/Bureau/CompoC/Compo/src/metamodel/protorequiredport.cpp">
      </Unit>
      <Unit filename="/home/fred/Bureau/CompoC/Compo/src/compiler/parser/ast.h">
      </Unit>
      <Unit filename="/home/fred/Bureau/CompoC/Compo/src/compiler/parser/parse.h">
      </Unit>
      <Unit filename="/home/fred/Bureau/CompoC/Compo/src/compiler/parser/tanuki/tanuki/misc/exception.h">
      </Unit>
      <Unit filename="/home/fred/Bureau/CompoC/Compo/src/compiler/parser/tanuki/tanuki/misc/helper.h">
      </Unit>
      <Unit filename="/home/fred/Bureau/CompoC/Compo/src/compiler/parser/tanuki/tanuki/misc/metaprog.h">
      </Unit>
      <Unit filename="/home/fred/Bureau/CompoC/Compo/src/compiler/parser/tanuki/tanuki/misc/misc.h">
      </Unit>
      <Unit filename="/home/fred/Bureau/CompoC/Compo/src/compiler/parser/tanuki/tanuki/misc/ref.h">
      </Unit>
      <Unit filename="/home/fred/Bureau/CompoC/Compo/src/compiler/parser/tanuki/tanuki/misc/string.h">
      </Unit>
      <Unit filename="/home/fred/Bureau/CompoC/Compo/src/compiler/parser/tanuki/tanuki/parser/fragment.h">
      </Unit>
      <Unit filename="/home/fred/Bureau/CompoC/Compo/src/compiler/parser/tanuki/tanuki/parser/operation.h">
      </Unit>
      <Unit filename="/home/fred/Bureau/CompoC/Compo/src/compiler/parser/tanuki/tanuki/parser/parser.h">
      </Unit>
      <Unit filename="/home/fred/Bureau/CompoC/Compo/src/compiler/parser/tanuki/tanuki/parser/rule.h">
      </Unit>
      <Unit filename="/home/fred/Bureau/CompoC/Compo/src/compiler/parser/tanuki/tanuki/parser/special.h">
      </Unit>
      <Unit filename="/home/fred/Bureau/CompoC/Compo/src/compiler/parser/tanuki/tanuki/parser/tokens.h">
      </Unit>
      <Unit filename="/home/fred/Bureau/CompoC/Compo/src/compiler/parser/tanuki/tanuki/tanuki.h">
      </Unit>
      <Unit filename="/home/fred/Bureau/CompoC/Compo/src/compiler/parser/tanuki/testing/framework.h">
      </Unit>
      <Unit filename="/home/fred/Bureau/CompoC/Compo/src/compiler/parser/tokens.h">
      </Unit>
      <Unit filename="/home/fred/Bureau/CompoC/Compo/src/execution/env/env.h">
      </Unit>
      <Unit filename="/home/fred/Bureau/CompoC/Compo/src/execution/interpreter/interpreter.h">
      </Unit>
      <Unit filename="/home/fred/Bureau/CompoC/Compo/src/execution/vm/machine.h">
      </Unit>
      <Unit filename="/home/fred/Bureau/CompoC/Compo/src/metamodel/component.h">
      </Unit>
      <Unit filename="/home/fred/Bureau/CompoC/Compo/src/metamodel/descriptor.h">
      </Unit>
      <Unit filename="/home/fred/Bureau/CompoC/Compo/src/metamodel/protoport.h">
      </Unit>
      <Unit filename="/home/fred/Bureau/CompoC/Compo/src/metamodel/protoprovidedport.h">
      </Unit>
      <Unit filename="/home/fred/Bureau/CompoC/Compo/src/metamodel/protorequiredport.h">
      </Unit>
      <Unit filename="/home/fred/Bureau/CompoC/Compo/src/CMakeLists.txt">
          <Option virtualFolder="CMake Files\" />
      </Unit>
      <Unit filename="/home/fred/Bureau/CompoC/Compo/src/compiler/parser/tanuki/CMakeLists.txt">
          <Option virtualFolder="CMake Files\compiler\parser\tanuki\" />
      </Unit>
      <Unit filename="/home/fred/Bureau/CompoC/Compo/src/compiler/parser/tanuki/CMakeLists.txt">
          <Option virtualFolder="CMake Files\compiler\parser\tanuki\" />
      </Unit>
   </Project>
</CodeBlocks_project_file>
